{
  "version": 1,
  "dependencies": {
    "net10.0-windows7.0": {
      "Microsoft.Data.Sqlite": {
        "type": "Direct",
        "requested": "[10.0.11, )",
        "resolved": "10.0.11",
        "contentHash": "7je7UELzm131GiLYc4PpZvfKXIgIyzPM+v+tjcd/nbnuWRfgcONYKzDTqJlURxwVCFsVnlpmq6y6yn4qvR8QXQ==",
        "dependencies": {
          "Microsoft.Data.Sqlite.Core": "10.0.11",
          "SQLitePCLRaw.bundle_e_sqlite3": "2.1.12",
          "SQLitePCLRaw.core": "2.1.12"
        }
      },
      "NAudio": {
        "type": "Direct",
        "requested": "[3.0.1, )",
        "resolved": "3.0.1",
        "contentHash": "viewQ/yBZKOckMabTWnO+xb7ACw7k9BgjDqwYxOHRyFGQX7tEu67Vcn4rbcPWErp+DkkYQye6pKmdrB1xQNJGw==",
        "dependencies": {
          "NAudio.Asio": "3.0.1",
          "NAudio.Core": "3.0.1",
          "NAudio.Dmo": "3.0.1",
          "NAudio.Midi": "3.0.1",
          "NAudio.Wasapi": "3.0.1",
          "NAudio.WinForms": "3.0.1",
          "NAudio.WinMM": "3.0.1"
        }
      },
      "SQLitePCLRaw.bundle_e_sqlite3": {
        "type": "Direct",
        "requested": "[2.1.12, )",
        "resolved": "2.1.12",
        "contentHash": "mAgscpQMLw5/nfA1Q5oJVAT29yROUo1ifZGbbTpx/lwZpSxMUGoYbKfmvdm8oXER+RzxqBmmQzeBEVKfeHv2nw==",
        "dependencies": {
          "SQLitePCLRaw.lib.e_sqlite3": "2.1.12",
          "SQLitePCLRaw.provider.e_sqlite3": "2.1.12"
        }
      },
      "System.Speech": {
        "type": "Direct",
        "requested": "[10.0.11, )",
        "resolved": "10.0.11",
        "contentHash": "25EiYjCzE5CLx5CkOOum40bg8EBnVBNqklyEyn1KJT872eEh3ZakJppgunMqC2Hz1lJv9Mp7YbCC6LI1Ceemdw=="
      },
      "Microsoft.Data.Sqlite.Core": {
        "type": "Transitive",
        "resolved": "10.0.11",
        "contentHash": "hubA20AGenQ4Sx0ElWaPpB8DISjXpdx463+1zOGRslsT0e/t/06ITv+pHsop8CcJ0d8PZLfgnT7juCDVD79Dkw==",
        "dependencies": {
          "SQLitePCLRaw.core": "2.1.12"
        }
      },
      "NAudio.Asio": {
        "type": "Transitive",
        "resolved": "3.0.1",
        "contentHash": "Ccqs+wtIgkrsw4KMdIpW+ZZDLd5Br/RXDNvTqzrLgjDdTnp0w7RQSq407H5uR3ThPuMJrzQM+A9nHL2esnzVFg==",
        "dependencies": {
          "NAudio.Core": "3.0.1"
        }
      },
      "NAudio.Core": {
        "type": "Transitive",
        "resolved": "3.0.1",
        "contentHash": "3fJ6UnkoiNBeeczKd9OozvcE85FvtyYCykmfzEbFW0uB0uT2+keKdconUGkz9qYlhaq1RJDTFptXOooQBYLijA==",
        "dependencies": {
          "System.Numerics.Tensors": "9.0.0"
        }
      },
      "NAudio.Dmo": {
        "type": "Transitive",
        "resolved": "3.0.1",
        "contentHash": "YWX+07lP0bObT4IOknjhK66QInHZ8TuEyIFIXv4pPAOnfiRRzL/SN/Gj6qKLGmizicr+wKZEbHiw5VMnVn/OfA==",
        "dependencies": {
          "NAudio.Core": "3.0.1"
        }
      },
      "NAudio.Midi": {
        "type": "Transitive",
        "resolved": "3.0.1",
        "contentHash": "/YiJWtG6EAIt//BYgd6SMudDT/A4cPgX8qpTbV9sxfJenSli8ujDEkPNF/Fa73YCeimK2bA0K3BmsgQ4olN+Nw==",
        "dependencies": {
          "NAudio.Core": "3.0.1"
        }
      },
      "NAudio.Wasapi": {
        "type": "Transitive",
        "resolved": "3.0.1",
        "contentHash": "1j8+HaeAJXFaDaIeVpnaahwAa3ZvMog2bswgmY1JSDysAbeehRx+PIeC0AbNyXZr5gvhu9PfOPD7xwuAEKJcbw==",
        "dependencies": {
          "NAudio.Core": "3.0.1"
        }
      },
      "NAudio.WinForms": {
        "type": "Transitive",
        "resolved": "3.0.1",
        "contentHash": "2CFII/mxJCJX/xurB4rx/fAcEbwhr0pH/WWxiYvHZJiOi+9qYxJWmabP+qG220aALP2vhj+fNddceZ7L/uO+eA==",
        "dependencies": {
          "NAudio.WinMM": "3.0.1"
        }
      },
      "NAudio.WinMM": {
        "type": "Transitive",
        "resolved": "3.0.1",
        "contentHash": "qeedyr0TtKWjEirwVG2ZkL1ecYVUfyh+s0YLsau6XC2FqyqT42LfR96kVEuDdv6U9LUp+aNGDiHO5MK/td0BAA==",
        "dependencies": {
          "NAudio.Core": "3.0.1",
          "NAudio.Midi": "3.0.1"
        }
      },
      "SQLitePCLRaw.core": {
        "type": "Transitive",
        "resolved": "2.1.12",
        "contentHash": "ETpNw9DY3ckWLgRRAeCHj+GKOuPi61aeczkXhgHexUvqoZBAYg8RYESE2J7O1M7+o6QbdSEZwrw9bfqztUVWXg=="
      },
      "SQLitePCLRaw.lib.e_sqlite3": {
        "type": "Transitive",
        "resolved": "2.1.12",
        "contentHash": "fWi8Dbknuhgg72fWinIdjXVaqO1hHL4YBBwVLnr7e1c9TAZwJ0QE38j9syW1hwx6HaqEVTwI+O07WPdZn8Rp0w=="
      },
      "SQLitePCLRaw.provider.e_sqlite3": {
        "type": "Transitive",
        "resolved": "2.1.12",
        "contentHash": "W3oH4XIfCzFrgUSDKHhN6N+dgzA5YHOR2VxX8GB6Qy7CyrJJgxPEG8NirgYWlPQC5P2jz2knSsexWu4tDUL33g==",
        "dependencies": {
          "SQLitePCLRaw.core": "2.1.12"
        }
      },
      "System.Numerics.Tensors": {
        "type": "Transitive",
        "resolved": "9.0.0",
        "contentHash": "hyJB4UlpAi19Xr9AXzu2NuagKC4lPfHObNMEAA0HmqFz2rX7wKgzeYzO/jM/eBHDhnUGFFEjk5cOoJaxqg5J4A=="
      },
      "wortbruecke.core": {
        "type": "Project"
      }
    }
  }
}