{
  "version": 1,
  "dependencies": {
    "net10.0-windows7.0": {
      "Microsoft.Data.Sqlite": {
        "type": "Direct",
        "requested": "[10.0.11, )",
        "resolved": "10.0.11",
        "contentHash": "7je7UELzm131GiLYc4PpZvfKXIgIyzPM+v+tjcd/nbnuWRfgcONYKzDTqJlURxwVCFsVnlpmq6y6yn4qvR8QXQ==",
        "dependencies": {
          "Microsoft.Data.Sqlite.Core": "10.0.11",
          "SQLitePCLRaw.bundle_e_sqlite3": "2.1.12",
          "SQLitePCLRaw.core": "2.1.12"
        }
      },
      "NAudio": {
        "type": "Direct",
        "requested": "[3.0.1, )",
        "resolved": "3.0.1",
        "contentHash": "viewQ/yBZKOckMabTWnO+xb7ACw7k9BgjDqwYxOHRyFGQX7tEu67Vcn4rbcPWErp+DkkYQye6pKmdrB1xQNJGw==",
        "dependencies": {
          "NAudio.Asio": "3.0.1",
          "NAudio.Core": "3.0.1",
          "NAudio.Dmo": "3.0.1",
          "NAudio.Midi": "3.0.1",
          "NAudio.Wasapi": "3.0.1",
          "NAudio.WinForms": "3.0.1",
          "NAudio.WinMM": "3.0.1"
        }
      },
      "SQLitePCLRaw.bundle_e_sqlite3": {
        "type": "Direct",
        "requested": "[3.0.5, )",
        "resolved": "3.0.5",
        "contentHash": "SW8iASIyWMrLzqabUHYQRvALhvD4ylSBsj4PgEVGwc36kQjc9xT5kSV/XQ9rU7nIpBWD+LPyX3Hlw5FzyUzGeQ==",
        "dependencies": {
          "SQLite": "3.53.4",
          "SQLitePCLRaw.config.e_sqlite3": "3.0.5"
        }
      },
      "System.Speech": {
        "type": "Direct",
        "requested": "[10.0.11, )",
        "resolved": "10.0.11",
        "contentHash": "25EiYjCzE5CLx5CkOOum40bg8EBnVBNqklyEyn1KJT872eEh3ZakJppgunMqC2Hz1lJv9Mp7YbCC6LI1Ceemdw=="
      },
      "Microsoft.Data.Sqlite.Core": {
        "type": "Transitive",
        "resolved": "10.0.11",
        "contentHash": "hubA20AGenQ4Sx0ElWaPpB8DISjXpdx463+1zOGRslsT0e/t/06ITv+pHsop8CcJ0d8PZLfgnT7juCDVD79Dkw==",
        "dependencies": {
          "SQLitePCLRaw.core": "2.1.12"
        }
      },
      "NAudio.Asio": {
        "type": "Transitive",
        "resolved": "3.0.1",
        "contentHash": "Ccqs+wtIgkrsw4KMdIpW+ZZDLd5Br/RXDNvTqzrLgjDdTnp0w7RQSq407H5uR3ThPuMJrzQM+A9nHL2esnzVFg==",
        "dependencies": {
          "NAudio.Core": "3.0.1"
        }
      },
      "NAudio.Core": {
        "type": "Transitive",
        "resolved": "3.0.1",
        "contentHash": "3fJ6UnkoiNBeeczKd9OozvcE85FvtyYCykmfzEbFW0uB0uT2+keKdconUGkz9qYlhaq1RJDTFptXOooQBYLijA==",
        "dependencies": {
          "System.Numerics.Tensors": "9.0.0"
        }
      },
      "NAudio.Dmo": {
        "type": "Transitive",
        "resolved": "3.0.1",
        "contentHash": "YWX+07lP0bObT4IOknjhK66QInHZ8TuEyIFIXv4pPAOnfiRRzL/SN/Gj6qKLGmizicr+wKZEbHiw5VMnVn/OfA==",
        "dependencies": {
          "NAudio.Core": "3.0.1"
        }
      },
      "NAudio.Midi": {
        "type": "Transitive",
        "resolved": "3.0.1",
        "contentHash": "/YiJWtG6EAIt//BYgd6SMudDT/A4cPgX8qpTbV9sxfJenSli8ujDEkPNF/Fa73YCeimK2bA0K3BmsgQ4olN+Nw==",
        "dependencies": {
          "NAudio.Core": "3.0.1"
        }
      },
      "NAudio.Wasapi": {
        "type": "Transitive",
        "resolved": "3.0.1",
        "contentHash": "1j8+HaeAJXFaDaIeVpnaahwAa3ZvMog2bswgmY1JSDysAbeehRx+PIeC0AbNyXZr5gvhu9PfOPD7xwuAEKJcbw==",
        "dependencies": {
          "NAudio.Core": "3.0.1"
        }
      },
      "NAudio.WinForms": {
        "type": "Transitive",
        "resolved": "3.0.1",
        "contentHash": "2CFII/mxJCJX/xurB4rx/fAcEbwhr0pH/WWxiYvHZJiOi+9qYxJWmabP+qG220aALP2vhj+fNddceZ7L/uO+eA==",
        "dependencies": {
          "NAudio.WinMM": "3.0.1"
        }
      },
      "NAudio.WinMM": {
        "type": "Transitive",
        "resolved": "3.0.1",
        "contentHash": "qeedyr0TtKWjEirwVG2ZkL1ecYVUfyh+s0YLsau6XC2FqyqT42LfR96kVEuDdv6U9LUp+aNGDiHO5MK/td0BAA==",
        "dependencies": {
          "NAudio.Core": "3.0.1",
          "NAudio.Midi": "3.0.1"
        }
      },
      "SQLite": {
        "type": "Transitive",
        "resolved": "3.53.4",
        "contentHash": "KN7jeWqgUPeBRe1FlcpZURzxomuKKEKHmBBQfg+Nx7NkY1LjKhzHvH+3ASkNvhayESE34nMBinL9CV21JfPRJw=="
      },
      "SQLitePCLRaw.config.e_sqlite3": {
        "type": "Transitive",
        "resolved": "3.0.5",
        "contentHash": "aSk8WE5tF2MybESMgtZAEyMVCAWA0nBqOMc48HFoa9UoSdtm3goDXVzNRnefeKIwE6bV9NaNXptn1F9ReMQI0Q==",
        "dependencies": {
          "SQLitePCLRaw.provider.e_sqlite3": "3.0.5"
        }
      },
      "SQLitePCLRaw.core": {
        "type": "Transitive",
        "resolved": "3.0.5",
        "contentHash": "k81AYXXRCw3Zj8rOhyBoCsx/U97KYDFI2CSKr/ijl5BwpsW/hX/4kBiDmerFaoust8nxBwa0IHQFw8MmSHRtnQ=="
      },
      "SQLitePCLRaw.provider.e_sqlite3": {
        "type": "Transitive",
        "resolved": "3.0.5",
        "contentHash": "um8YSWduhhuskTG2bHfZrBqMNQOydfU8pcseT+cu5RivOGyoUbCrGXxgoRNTmRYw2VbMWnEZVVFcneZT/5dsBg==",
        "dependencies": {
          "SQLitePCLRaw.core": "3.0.5"
        }
      },
      "System.Numerics.Tensors": {
        "type": "Transitive",
        "resolved": "9.0.0",
        "contentHash": "hyJB4UlpAi19Xr9AXzu2NuagKC4lPfHObNMEAA0HmqFz2rX7wKgzeYzO/jM/eBHDhnUGFFEjk5cOoJaxqg5J4A=="
      },
      "wortbruecke.core": {
        "type": "Project"
      }
    }
  }
}